
Microsoft Visual Studio Solution File, Format Version 12.00
# Visual Studio Version 17
VisualStudioVersion = 17.8.34330.188
MinimumVisualStudioVersion = 10.0.40219.1
Project("{FAE04EC0-301F-11D3-BF4B-00C04F79EFBC}") = "HiveWays.VehicleEdge", "HiveWays.VehicleEdge\HiveWays.VehicleEdge.csproj", "{328EBC02-2F25-422A-BED1-846044BBE435}"
EndProject
Global
	GlobalSection(SolutionConfigurationPlatforms) = preSolution
		Debug|Any CPU = Debug|Any CPU
		Release|Any CPU = Release|Any CPU
	EndGlobalSection
	GlobalSection(ProjectConfigurationPlatforms) = postSolution
		{328EBC02-2F25-422A-BED1-846044BBE435}.Debug|Any CPU.ActiveCfg = Debug|Any CPU
		{328EBC02-2F25-422A-BED1-846044BBE435}.Debug|Any CPU.Build.0 = Debug|Any CPU
		{328EBC02-2F25-422A-BED1-846044BBE435}.Release|Any CPU.ActiveCfg = Release|Any CPU
		{328EBC02-2F25-422A-BED1-846044BBE435}.Release|Any CPU.Build.0 = Release|Any CPU
	EndGlobalSection
	GlobalSection(SolutionProperties) = preSolution
		HideSolutionNode = FALSE
	EndGlobalSection
	GlobalSection(ExtensibilityGlobals) = postSolution
		SolutionGuid = {48FD32CF-FC05-41F0-A498-6E99B524901E}
	EndGlobalSection
EndGlobal
